lockVersion: 2.0.0
id: 2fe44d60-fc18-427c-9720-9c02e2f88a2a
management:
  docChecksum: e1c2855d7c59b250d7da6cc66668b84b
  docVersion: v2
  speakeasyVersion: 1.358.0
  generationVersion: 2.390.6
  releaseVersion: 5.2.0
  configChecksum: 16cebbac5ba57b4e8b8acee5e7e4d744
  repoURL: https://github.com/swissknife/circleci-node.git
  repoSubDirectory: .
  installationURL: https://github.com/swissknife/circleci-node
  published: true
features:
  typescript:
    additionalDependencies: 0.1.0
    constsAndDefaults: 0.1.6
    core: 3.12.3
    defaultEnabledRetries: 0.1.0
    deprecations: 2.81.1
    envVarSecurityUsage: 0.1.1
    globalSecurity: 2.82.11
    globalSecurityCallbacks: 0.1.0
    globalServerURLs: 2.82.4
    nullables: 0.1.0
    responseFormat: 0.2.3
    retries: 2.83.0
    sdkHooks: 0.1.0
    unions: 2.85.6
generatedFiles:
  - src/funcs/contextAddEnvironmentVariableToContext.ts
  - src/funcs/contextCreateContext.ts
  - src/funcs/contextCreateContextRestriction.ts
  - src/funcs/contextDeleteContext.ts
  - src/funcs/contextDeleteContextRestriction.ts
  - src/funcs/contextDeleteEnvironmentVariableFromContext.ts
  - src/funcs/contextGetContext.ts
  - src/funcs/contextGetContextRestrictions.ts
  - src/funcs/contextListContexts.ts
  - src/funcs/contextListEnvironmentVariablesFromContext.ts
  - src/funcs/insightsGetAllInsightsBranches.ts
  - src/funcs/insightsGetFlakyTests.ts
  - src/funcs/insightsGetJobTimeseries.ts
  - src/funcs/insightsGetOrgSummaryData.ts
  - src/funcs/insightsGetProjectWorkflowJobMetrics.ts
  - src/funcs/insightsGetProjectWorkflowMetrics.ts
  - src/funcs/insightsGetProjectWorkflowRuns.ts
  - src/funcs/insightsGetProjectWorkflowTestMetrics.ts
  - src/funcs/insightsGetProjectWorkflowsPageData.ts
  - src/funcs/insightsGetWorkflowSummary.ts
  - src/funcs/userGetCollaborations.ts
  - src/funcs/userGetCurrentUser.ts
  - src/funcs/userGetUser.ts
  - src/funcs/oidcTokenManagementDeleteOrgClaims.ts
  - src/funcs/oidcTokenManagementDeleteProjectClaims.ts
  - src/funcs/oidcTokenManagementGetOrgClaims.ts
  - src/funcs/oidcTokenManagementGetProjectClaims.ts
  - src/funcs/oidcTokenManagementPatchOrgClaims.ts
  - src/funcs/oidcTokenManagementPatchProjectClaims.ts
  - src/funcs/usageCreateUsageExport.ts
  - src/funcs/usageGetUsageExport.ts
  - src/funcs/policyManagementCreatePolicyBundle.ts
  - src/funcs/policyManagementGetDecisionLog.ts
  - src/funcs/policyManagementGetDecisionLogPolicyBundle.ts
  - src/funcs/policyManagementGetDecisionLogs.ts
  - src/funcs/policyManagementGetDecisionSettings.ts
  - src/funcs/policyManagementGetPolicyBundle.ts
  - src/funcs/policyManagementGetPolicyDocument.ts
  - src/funcs/policyManagementMakeDecision.ts
  - src/funcs/policyManagementSetDecisionSettings.ts
  - src/funcs/pipelineContinuePipeline.ts
  - src/funcs/pipelineGetPipelineById.ts
  - src/funcs/pipelineGetPipelineByNumber.ts
  - src/funcs/pipelineGetPipelineConfigById.ts
  - src/funcs/pipelineListMyPipelines.ts
  - src/funcs/pipelineListPipelines.ts
  - src/funcs/pipelineListPipelinesForProject.ts
  - src/funcs/pipelineListWorkflowsByPipelineId.ts
  - src/funcs/pipelineTriggerPipeline.ts
  - src/funcs/projectCreateCheckoutKey.ts
  - src/funcs/projectCreateEnvVar.ts
  - src/funcs/projectCreateProject.ts
  - src/funcs/projectDeleteCheckoutKey.ts
  - src/funcs/projectDeleteEnvVar.ts
  - src/funcs/projectGetCheckoutKey.ts
  - src/funcs/projectGetEnvVar.ts
  - src/funcs/projectGetProjectBySlug.ts
  - src/funcs/projectGetProjectSettings.ts
  - src/funcs/projectListCheckoutKeys.ts
  - src/funcs/projectListEnvVars.ts
  - src/funcs/projectPatchProjectSettings.ts
  - src/funcs/jobCancelJobByJobNumber.ts
  - src/funcs/jobGetJobArtifacts.ts
  - src/funcs/jobGetJobDetails.ts
  - src/funcs/jobGetTests.ts
  - src/funcs/scheduleCreateSchedule.ts
  - src/funcs/scheduleDeleteScheduleById.ts
  - src/funcs/scheduleGetScheduleById.ts
  - src/funcs/scheduleListSchedulesForProject.ts
  - src/funcs/scheduleUpdateSchedule.ts
  - src/funcs/webhookCreateWebhook.ts
  - src/funcs/webhookDeleteWebhook.ts
  - src/funcs/webhookGetWebhookById.ts
  - src/funcs/webhookGetWebhooks.ts
  - src/funcs/webhookUpdateWebhook.ts
  - src/funcs/workflowApprovePendingApprovalJobById.ts
  - src/funcs/workflowCancelWorkflow.ts
  - src/funcs/workflowGetWorkflowById.ts
  - src/funcs/workflowListWorkflowJobs.ts
  - src/funcs/workflowRerunWorkflow.ts
  - src/sdk/context.ts
  - src/sdk/insights.ts
  - src/sdk/user.ts
  - src/sdk/oidctokenmanagement.ts
  - src/sdk/usage.ts
  - src/sdk/policymanagement.ts
  - src/sdk/pipeline.ts
  - src/sdk/project.ts
  - src/sdk/job.ts
  - src/sdk/schedule.ts
  - src/sdk/webhook.ts
  - src/sdk/workflow.ts
  - src/sdk/sdk.ts
  - .eslintrc.cjs
  - .npmignore
  - RUNTIMES.md
  - jsr.json
  - package.json
  - src/core.ts
  - src/index.ts
  - src/lib/base64.ts
  - src/lib/config.ts
  - src/lib/dlv.ts
  - src/lib/encodings.ts
  - src/lib/http.ts
  - src/lib/is-plain-object.ts
  - src/lib/matchers.ts
  - src/lib/primitives.ts
  - src/lib/retries.ts
  - src/lib/schemas.ts
  - src/lib/sdks.ts
  - src/lib/security.ts
  - src/lib/url.ts
  - src/sdk/index.ts
  - src/sdk/models/errors/httpclienterrors.ts
  - src/sdk/models/errors/sdkerror.ts
  - src/sdk/models/errors/sdkvalidationerror.ts
  - src/sdk/types/blobs.ts
  - src/sdk/types/enums.ts
  - src/sdk/types/fp.ts
  - src/sdk/types/index.ts
  - src/sdk/types/operations.ts
  - src/sdk/types/rfcdate.ts
  - tsconfig.json
  - src/sdk/models/operations/addenvironmentvariabletocontext.ts
  - src/sdk/models/operations/createcontext.ts
  - src/sdk/models/operations/createcontextrestriction.ts
  - src/sdk/models/operations/deletecontext.ts
  - src/sdk/models/operations/deletecontextrestriction.ts
  - src/sdk/models/operations/deleteenvironmentvariablefromcontext.ts
  - src/sdk/models/operations/getcontext.ts
  - src/sdk/models/operations/getcontextrestrictions.ts
  - src/sdk/models/operations/listcontexts.ts
  - src/sdk/models/operations/listenvironmentvariablesfromcontext.ts
  - src/sdk/models/operations/getallinsightsbranches.ts
  - src/sdk/models/operations/getflakytests.ts
  - src/sdk/models/operations/getjobtimeseries.ts
  - src/sdk/models/operations/getorgsummarydata.ts
  - src/sdk/models/operations/getprojectworkflowjobmetrics.ts
  - src/sdk/models/operations/getprojectworkflowmetrics.ts
  - src/sdk/models/operations/getprojectworkflowruns.ts
  - src/sdk/models/operations/getprojectworkflowtestmetrics.ts
  - src/sdk/models/operations/getprojectworkflowspagedata.ts
  - src/sdk/models/operations/getworkflowsummary.ts
  - src/sdk/models/operations/getcollaborations.ts
  - src/sdk/models/operations/getcurrentuser.ts
  - src/sdk/models/operations/getuser.ts
  - src/sdk/models/operations/deleteorgclaims.ts
  - src/sdk/models/operations/deleteprojectclaims.ts
  - src/sdk/models/operations/getorgclaims.ts
  - src/sdk/models/operations/getprojectclaims.ts
  - src/sdk/models/operations/patchorgclaims.ts
  - src/sdk/models/operations/patchprojectclaims.ts
  - src/sdk/models/operations/createusageexport.ts
  - src/sdk/models/operations/getusageexport.ts
  - src/sdk/models/operations/createpolicybundle.ts
  - src/sdk/models/operations/getdecisionlog.ts
  - src/sdk/models/operations/getdecisionlogpolicybundle.ts
  - src/sdk/models/operations/getdecisionlogs.ts
  - src/sdk/models/operations/getdecisionsettings.ts
  - src/sdk/models/operations/getpolicybundle.ts
  - src/sdk/models/operations/getpolicydocument.ts
  - src/sdk/models/operations/makedecision.ts
  - src/sdk/models/operations/setdecisionsettings.ts
  - src/sdk/models/operations/continuepipeline.ts
  - src/sdk/models/operations/getpipelinebyid.ts
  - src/sdk/models/operations/getpipelinebynumber.ts
  - src/sdk/models/operations/getpipelineconfigbyid.ts
  - src/sdk/models/operations/listmypipelines.ts
  - src/sdk/models/operations/listpipelines.ts
  - src/sdk/models/operations/listpipelinesforproject.ts
  - src/sdk/models/operations/listworkflowsbypipelineid.ts
  - src/sdk/models/operations/triggerpipeline.ts
  - src/sdk/models/operations/createcheckoutkey.ts
  - src/sdk/models/operations/createenvvar.ts
  - src/sdk/models/operations/createproject.ts
  - src/sdk/models/operations/deletecheckoutkey.ts
  - src/sdk/models/operations/deleteenvvar.ts
  - src/sdk/models/operations/getcheckoutkey.ts
  - src/sdk/models/operations/getenvvar.ts
  - src/sdk/models/operations/getprojectbyslug.ts
  - src/sdk/models/operations/getprojectsettings.ts
  - src/sdk/models/operations/listcheckoutkeys.ts
  - src/sdk/models/operations/listenvvars.ts
  - src/sdk/models/operations/patchprojectsettings.ts
  - src/sdk/models/operations/canceljobbyjobnumber.ts
  - src/sdk/models/operations/getjobartifacts.ts
  - src/sdk/models/operations/getjobdetails.ts
  - src/sdk/models/operations/gettests.ts
  - src/sdk/models/operations/createschedule.ts
  - src/sdk/models/operations/deleteschedulebyid.ts
  - src/sdk/models/operations/getschedulebyid.ts
  - src/sdk/models/operations/listschedulesforproject.ts
  - src/sdk/models/operations/updateschedule.ts
  - src/sdk/models/operations/createwebhook.ts
  - src/sdk/models/operations/deletewebhook.ts
  - src/sdk/models/operations/getwebhookbyid.ts
  - src/sdk/models/operations/getwebhooks.ts
  - src/sdk/models/operations/updatewebhook.ts
  - src/sdk/models/operations/approvependingapprovaljobbyid.ts
  - src/sdk/models/operations/cancelworkflow.ts
  - src/sdk/models/operations/getworkflowbyid.ts
  - src/sdk/models/operations/listworkflowjobs.ts
  - src/sdk/models/operations/rerunworkflow.ts
  - src/sdk/models/shared/restrictioncreated.ts
  - src/sdk/models/shared/restrictiondeleted.ts
  - src/sdk/models/shared/contextprojectrestrictionslist.ts
  - src/sdk/models/shared/claimresponse.ts
  - src/sdk/models/shared/patchclaimsrequest.ts
  - src/sdk/models/shared/usageexportjob.ts
  - src/sdk/models/shared/getusageexportjobstatus.ts
  - src/sdk/models/shared/bundlediff.ts
  - src/sdk/models/shared/bundlepayload.ts
  - src/sdk/models/shared/decisionlog.ts
  - src/sdk/models/shared/decision.ts
  - src/sdk/models/shared/violation.ts
  - src/sdk/models/shared/policy.ts
  - src/sdk/models/shared/decisionsettings.ts
  - src/sdk/models/shared/projectsettings.ts
  - src/sdk/models/shared/security.ts
  - src/sdk/models/shared/schemebasicauth.ts
  - src/sdk/models/errors/index.ts
  - src/sdk/models/operations/index.ts
  - src/sdk/models/shared/index.ts
  - docs/sdk/models/operations/addenvironmentvariabletocontextrequestbody.md
  - docs/sdk/models/operations/addenvironmentvariabletocontextrequest.md
  - docs/sdk/models/operations/addenvironmentvariabletocontextcontextresponsebody.md
  - docs/sdk/models/operations/messageresponse.md
  - docs/sdk/models/operations/addenvironmentvariabletocontext1.md
  - docs/sdk/models/operations/addenvironmentvariabletocontextresponsebody.md
  - docs/sdk/models/operations/addenvironmentvariabletocontextresponse.md
  - docs/sdk/models/operations/createcontexttype.md
  - docs/sdk/models/operations/two.md
  - docs/sdk/models/operations/type.md
  - docs/sdk/models/operations/one.md
  - docs/sdk/models/operations/owner.md
  - docs/sdk/models/operations/createcontextrequestbody.md
  - docs/sdk/models/operations/createcontextresponsebody.md
  - docs/sdk/models/operations/createcontextcontext.md
  - docs/sdk/models/operations/createcontextresponse.md
  - docs/sdk/models/operations/createcontextrestrictionrequestbody.md
  - docs/sdk/models/operations/createcontextrestrictionrequest.md
  - docs/sdk/models/operations/createcontextrestrictioncontextresponse409responsebody.md
  - docs/sdk/models/operations/createcontextrestrictioncontextresponsebody.md
  - docs/sdk/models/operations/createcontextrestrictionresponsebody.md
  - docs/sdk/models/operations/createcontextrestrictionresponse.md
  - docs/sdk/models/operations/deletecontextrequest.md
  - docs/sdk/models/operations/deletecontextresponsebody.md
  - docs/sdk/models/operations/deletecontextmessageresponse.md
  - docs/sdk/models/operations/deletecontextresponse.md
  - docs/sdk/models/operations/deletecontextrestrictionrequest.md
  - docs/sdk/models/operations/deletecontextrestrictionresponsebody.md
  - docs/sdk/models/operations/deletecontextrestrictionresponse.md
  - docs/sdk/models/operations/deleteenvironmentvariablefromcontextrequest.md
  - docs/sdk/models/operations/deleteenvironmentvariablefromcontextresponsebody.md
  - docs/sdk/models/operations/deleteenvironmentvariablefromcontextmessageresponse.md
  - docs/sdk/models/operations/deleteenvironmentvariablefromcontextresponse.md
  - docs/sdk/models/operations/getcontextrequest.md
  - docs/sdk/models/operations/getcontextresponsebody.md
  - docs/sdk/models/operations/getcontextcontext.md
  - docs/sdk/models/operations/getcontextresponse.md
  - docs/sdk/models/operations/getcontextrestrictionsrequest.md
  - docs/sdk/models/operations/getcontextrestrictionsresponsebody.md
  - docs/sdk/models/operations/getcontextrestrictionsresponse.md
  - docs/sdk/models/operations/ownertype.md
  - docs/sdk/models/operations/listcontextsrequest.md
  - docs/sdk/models/operations/listcontextscontextresponsebody.md
  - docs/sdk/models/operations/context.md
  - docs/sdk/models/operations/listcontextsresponsebody.md
  - docs/sdk/models/operations/listcontextsresponse.md
  - docs/sdk/models/operations/listenvironmentvariablesfromcontextrequest.md
  - docs/sdk/models/operations/listenvironmentvariablesfromcontextcontextresponsebody.md
  - docs/sdk/models/operations/items.md
  - docs/sdk/models/operations/listenvironmentvariablesfromcontextresponsebody.md
  - docs/sdk/models/operations/listenvironmentvariablesfromcontextresponse.md
  - docs/sdk/models/operations/getallinsightsbranchesrequest.md
  - docs/sdk/models/operations/getallinsightsbranchesinsightsresponsebody.md
  - docs/sdk/models/operations/getallinsightsbranchesresponsebody.md
  - docs/sdk/models/operations/getallinsightsbranchesresponse.md
  - docs/sdk/models/operations/getflakytestsrequest.md
  - docs/sdk/models/operations/getflakytestsinsightsresponsebody.md
  - docs/sdk/models/operations/flakytests.md
  - docs/sdk/models/operations/getflakytestsresponsebody.md
  - docs/sdk/models/operations/getflakytestsresponse.md
  - docs/sdk/models/operations/granularity.md
  - docs/sdk/models/operations/getjobtimeseriesrequest.md
  - docs/sdk/models/operations/getjobtimeseriesinsightsresponsebody.md
  - docs/sdk/models/operations/getjobtimeseriesdurationmetrics.md
  - docs/sdk/models/operations/getjobtimeseriesmetrics.md
  - docs/sdk/models/operations/getjobtimeseriesitems.md
  - docs/sdk/models/operations/getjobtimeseriesresponsebody.md
  - docs/sdk/models/operations/getjobtimeseriesresponse.md
  - docs/sdk/models/operations/projectnames.md
  - docs/sdk/models/operations/reportingwindow.md
  - docs/sdk/models/operations/getorgsummarydatarequest.md
  - docs/sdk/models/operations/getorgsummarydatainsightsresponsebody.md
  - docs/sdk/models/operations/getorgsummarydatametrics.md
  - docs/sdk/models/operations/getorgsummarydatainsightstrends.md
  - docs/sdk/models/operations/orgdata.md
  - docs/sdk/models/operations/getorgsummarydatainsightsmetrics.md
  - docs/sdk/models/operations/getorgsummarydatatrends.md
  - docs/sdk/models/operations/orgprojectdata.md
  - docs/sdk/models/operations/getorgsummarydataresponsebody.md
  - docs/sdk/models/operations/getorgsummarydataresponse.md
  - docs/sdk/models/operations/queryparamreportingwindow.md
  - docs/sdk/models/operations/getprojectworkflowjobmetricsrequest.md
  - docs/sdk/models/operations/getprojectworkflowjobmetricsinsightsresponsebody.md
  - docs/sdk/models/operations/getprojectworkflowjobmetricsdurationmetrics.md
  - docs/sdk/models/operations/getprojectworkflowjobmetricsmetrics.md
  - docs/sdk/models/operations/getprojectworkflowjobmetricsitems.md
  - docs/sdk/models/operations/getprojectworkflowjobmetricsresponsebody.md
  - docs/sdk/models/operations/getprojectworkflowjobmetricsresponse.md
  - docs/sdk/models/operations/getprojectworkflowmetricsqueryparamreportingwindow.md
  - docs/sdk/models/operations/getprojectworkflowmetricsrequest.md
  - docs/sdk/models/operations/getprojectworkflowmetricsinsightsresponsebody.md
  - docs/sdk/models/operations/getprojectworkflowmetricsdurationmetrics.md
  - docs/sdk/models/operations/getprojectworkflowmetricsmetrics.md
  - docs/sdk/models/operations/getprojectworkflowmetricsitems.md
  - docs/sdk/models/operations/getprojectworkflowmetricsresponsebody.md
  - docs/sdk/models/operations/getprojectworkflowmetricsresponse.md
  - docs/sdk/models/operations/getprojectworkflowrunsrequest.md
  - docs/sdk/models/operations/getprojectworkflowrunsinsightsresponsebody.md
  - docs/sdk/models/operations/getprojectworkflowrunsstatus.md
  - docs/sdk/models/operations/getprojectworkflowrunsitems.md
  - docs/sdk/models/operations/getprojectworkflowrunsresponsebody.md
  - docs/sdk/models/operations/getprojectworkflowrunsresponse.md
  - docs/sdk/models/operations/getprojectworkflowtestmetricsrequest.md
  - docs/sdk/models/operations/getprojectworkflowtestmetricsinsightsresponsebody.md
  - docs/sdk/models/operations/mostfailedtests.md
  - docs/sdk/models/operations/slowesttests.md
  - docs/sdk/models/operations/testcounts.md
  - docs/sdk/models/operations/testruns.md
  - docs/sdk/models/operations/getprojectworkflowtestmetricsresponsebody.md
  - docs/sdk/models/operations/getprojectworkflowtestmetricsresponse.md
  - docs/sdk/models/operations/branches.md
  - docs/sdk/models/operations/getprojectworkflowspagedataqueryparamreportingwindow.md
  - docs/sdk/models/operations/workflownames.md
  - docs/sdk/models/operations/getprojectworkflowspagedatarequest.md
  - docs/sdk/models/operations/getprojectworkflowspagedatainsightsresponsebody.md
  - docs/sdk/models/operations/getprojectworkflowspagedatametrics.md
  - docs/sdk/models/operations/getprojectworkflowspagedatatrends.md
  - docs/sdk/models/operations/projectdata.md
  - docs/sdk/models/operations/getprojectworkflowspagedatainsightsmetrics.md
  - docs/sdk/models/operations/getprojectworkflowspagedatainsightstrends.md
  - docs/sdk/models/operations/projectworkflowbranchdata.md
  - docs/sdk/models/operations/getprojectworkflowspagedatainsightsresponsemetrics.md
  - docs/sdk/models/operations/getprojectworkflowspagedatainsightsresponsetrends.md
  - docs/sdk/models/operations/projectworkflowdata.md
  - docs/sdk/models/operations/getprojectworkflowspagedataresponsebody.md
  - docs/sdk/models/operations/getprojectworkflowspagedataresponse.md
  - docs/sdk/models/operations/getworkflowsummaryrequest.md
  - docs/sdk/models/operations/getworkflowsummaryinsightsresponsebody.md
  - docs/sdk/models/operations/durationmetrics.md
  - docs/sdk/models/operations/metrics.md
  - docs/sdk/models/operations/trends.md
  - docs/sdk/models/operations/getworkflowsummaryresponsebody.md
  - docs/sdk/models/operations/getworkflowsummaryresponse.md
  - docs/sdk/models/operations/getcollaborationsresponsebody.md
  - docs/sdk/models/operations/collaboration.md
  - docs/sdk/models/operations/getcollaborationsresponse.md
  - docs/sdk/models/operations/getcurrentuserresponsebody.md
  - docs/sdk/models/operations/getcurrentuseruser.md
  - docs/sdk/models/operations/getcurrentuserresponse.md
  - docs/sdk/models/operations/getuserrequest.md
  - docs/sdk/models/operations/getuserresponsebody.md
  - docs/sdk/models/operations/getuseruser.md
  - docs/sdk/models/operations/getuserresponse.md
  - docs/sdk/models/operations/deleteorgclaimsrequest.md
  - docs/sdk/models/operations/deleteorgclaimsresponsebody.md
  - docs/sdk/models/operations/deleteorgclaimsresponse.md
  - docs/sdk/models/operations/deleteprojectclaimsrequest.md
  - docs/sdk/models/operations/deleteprojectclaimsresponsebody.md
  - docs/sdk/models/operations/deleteprojectclaimsresponse.md
  - docs/sdk/models/operations/getorgclaimsrequest.md
  - docs/sdk/models/operations/getorgclaimsresponsebody.md
  - docs/sdk/models/operations/getorgclaimsresponse.md
  - docs/sdk/models/operations/getprojectclaimsrequest.md
  - docs/sdk/models/operations/getprojectclaimsresponsebody.md
  - docs/sdk/models/operations/getprojectclaimsresponse.md
  - docs/sdk/models/operations/patchorgclaimsrequest.md
  - docs/sdk/models/operations/patchorgclaimsresponsebody.md
  - docs/sdk/models/operations/patchorgclaimsresponse.md
  - docs/sdk/models/operations/patchprojectclaimsrequest.md
  - docs/sdk/models/operations/patchprojectclaimsresponsebody.md
  - docs/sdk/models/operations/patchprojectclaimsresponse.md
  - docs/sdk/models/operations/createusageexportrequestbody.md
  - docs/sdk/models/operations/createusageexportrequest.md
  - docs/sdk/models/operations/createusageexportresponsebody.md
  - docs/sdk/models/operations/createusageexportresponse.md
  - docs/sdk/models/operations/getusageexportrequest.md
  - docs/sdk/models/operations/getusageexportresponsebody.md
  - docs/sdk/models/operations/getusageexportresponse.md
  - docs/sdk/models/operations/createpolicybundlerequest.md
  - docs/sdk/models/operations/createpolicybundlepolicymanagementresponse413responsebody.md
  - docs/sdk/models/operations/createpolicybundleresponsebody.md
  - docs/sdk/models/operations/createpolicybundleresponse.md
  - docs/sdk/models/operations/getdecisionlogrequest.md
  - docs/sdk/models/operations/getdecisionlogpolicymanagementresponse404responsebody.md
  - docs/sdk/models/operations/getdecisionlogresponsebody.md
  - docs/sdk/models/operations/getdecisionlogresponse.md
  - docs/sdk/models/operations/getdecisionlogpolicybundlerequest.md
  - docs/sdk/models/operations/getdecisionlogpolicybundlepolicymanagementresponse404responsebody.md
  - docs/sdk/models/operations/getdecisionlogpolicybundleresponsebody.md
  - docs/sdk/models/operations/getdecisionlogpolicybundleresponse.md
  - docs/sdk/models/operations/getdecisionlogsrequest.md
  - docs/sdk/models/operations/getdecisionlogsresponsebody.md
  - docs/sdk/models/operations/getdecisionlogsresponse.md
  - docs/sdk/models/operations/getdecisionsettingsrequest.md
  - docs/sdk/models/operations/getdecisionsettingsresponsebody.md
  - docs/sdk/models/operations/getdecisionsettingsresponse.md
  - docs/sdk/models/operations/getpolicybundlerequest.md
  - docs/sdk/models/operations/getpolicybundleresponsebody.md
  - docs/sdk/models/operations/getpolicybundleresponse.md
  - docs/sdk/models/operations/getpolicydocumentrequest.md
  - docs/sdk/models/operations/getpolicydocumentpolicymanagementresponse404responsebody.md
  - docs/sdk/models/operations/getpolicydocumentresponsebody.md
  - docs/sdk/models/operations/getpolicydocumentresponse.md
  - docs/sdk/models/operations/metadata.md
  - docs/sdk/models/operations/makedecisionrequestbody.md
  - docs/sdk/models/operations/makedecisionrequest.md
  - docs/sdk/models/operations/makedecisionpolicymanagementresponseresponsebody.md
  - docs/sdk/models/operations/makedecisionpolicymanagementresponsebody.md
  - docs/sdk/models/operations/makedecisionresponsebody.md
  - docs/sdk/models/operations/makedecisionresponse.md
  - docs/sdk/models/operations/setdecisionsettingsrequest.md
  - docs/sdk/models/operations/setdecisionsettingsresponsebody.md
  - docs/sdk/models/operations/setdecisionsettingsresponse.md
  - docs/sdk/models/operations/parameterst.md
  - docs/sdk/models/operations/continuepipelinerequestbody.md
  - docs/sdk/models/operations/continuepipelineresponsebody.md
  - docs/sdk/models/operations/continuepipelinemessageresponse.md
  - docs/sdk/models/operations/continuepipelineresponse.md
  - docs/sdk/models/operations/getpipelinebyidrequest.md
  - docs/sdk/models/operations/getpipelinebyidresponsebody.md
  - docs/sdk/models/operations/getpipelinebyidtype.md
  - docs/sdk/models/operations/errors.md
  - docs/sdk/models/operations/state.md
  - docs/sdk/models/operations/actor.md
  - docs/sdk/models/operations/getpipelinebyidpipelinetype.md
  - docs/sdk/models/operations/trigger.md
  - docs/sdk/models/operations/four.md
  - docs/sdk/models/operations/triggerparameters.md
  - docs/sdk/models/operations/commit.md
  - docs/sdk/models/operations/vcs.md
  - docs/sdk/models/operations/getpipelinebyidpipeline.md
  - docs/sdk/models/operations/getpipelinebyidresponse.md
  - docs/sdk/models/operations/getpipelinebynumberrequest.md
  - docs/sdk/models/operations/getpipelinebynumberresponsebody.md
  - docs/sdk/models/operations/getpipelinebynumbertype.md
  - docs/sdk/models/operations/getpipelinebynumbererrors.md
  - docs/sdk/models/operations/getpipelinebynumberstate.md
  - docs/sdk/models/operations/getpipelinebynumberactor.md
  - docs/sdk/models/operations/getpipelinebynumberpipelinetype.md
  - docs/sdk/models/operations/getpipelinebynumbertrigger.md
  - docs/sdk/models/operations/getpipelinebynumber4.md
  - docs/sdk/models/operations/getpipelinebynumbertriggerparameters.md
  - docs/sdk/models/operations/getpipelinebynumbercommit.md
  - docs/sdk/models/operations/getpipelinebynumbervcs.md
  - docs/sdk/models/operations/getpipelinebynumberpipeline.md
  - docs/sdk/models/operations/getpipelinebynumberresponse.md
  - docs/sdk/models/operations/getpipelineconfigbyidrequest.md
  - docs/sdk/models/operations/getpipelineconfigbyidresponsebody.md
  - docs/sdk/models/operations/getpipelineconfigbyidpipelineconfig.md
  - docs/sdk/models/operations/getpipelineconfigbyidresponse.md
  - docs/sdk/models/operations/listmypipelinesrequest.md
  - docs/sdk/models/operations/listmypipelinesresponsebody.md
  - docs/sdk/models/operations/listmypipelinestype.md
  - docs/sdk/models/operations/listmypipelineserrors.md
  - docs/sdk/models/operations/listmypipelinesstate.md
  - docs/sdk/models/operations/listmypipelinesactor.md
  - docs/sdk/models/operations/listmypipelinespipelinetype.md
  - docs/sdk/models/operations/listmypipelinestrigger.md
  - docs/sdk/models/operations/listmypipelines4.md
  - docs/sdk/models/operations/listmypipelinestriggerparameters.md
  - docs/sdk/models/operations/listmypipelinescommit.md
  - docs/sdk/models/operations/listmypipelinesvcs.md
  - docs/sdk/models/operations/listmypipelinespipeline.md
  - docs/sdk/models/operations/listmypipelinespipelinelistresponse.md
  - docs/sdk/models/operations/listmypipelinesresponse.md
  - docs/sdk/models/operations/listpipelinesrequest.md
  - docs/sdk/models/operations/listpipelinesresponsebody.md
  - docs/sdk/models/operations/listpipelinestype.md
  - docs/sdk/models/operations/listpipelineserrors.md
  - docs/sdk/models/operations/listpipelinesstate.md
  - docs/sdk/models/operations/listpipelinesactor.md
  - docs/sdk/models/operations/listpipelinespipelinetype.md
  - docs/sdk/models/operations/listpipelinestrigger.md
  - docs/sdk/models/operations/listpipelines4.md
  - docs/sdk/models/operations/listpipelinestriggerparameters.md
  - docs/sdk/models/operations/listpipelinescommit.md
  - docs/sdk/models/operations/listpipelinesvcs.md
  - docs/sdk/models/operations/listpipelinespipeline.md
  - docs/sdk/models/operations/listpipelinespipelinelistresponse.md
  - docs/sdk/models/operations/listpipelinesresponse.md
  - docs/sdk/models/operations/listpipelinesforprojectrequest.md
  - docs/sdk/models/operations/listpipelinesforprojectresponsebody.md
  - docs/sdk/models/operations/listpipelinesforprojecttype.md
  - docs/sdk/models/operations/listpipelinesforprojecterrors.md
  - docs/sdk/models/operations/listpipelinesforprojectstate.md
  - docs/sdk/models/operations/listpipelinesforprojectactor.md
  - docs/sdk/models/operations/listpipelinesforprojectpipelinetype.md
  - docs/sdk/models/operations/listpipelinesforprojecttrigger.md
  - docs/sdk/models/operations/listpipelinesforproject4.md
  - docs/sdk/models/operations/listpipelinesforprojecttriggerparameters.md
  - docs/sdk/models/operations/listpipelinesforprojectcommit.md
  - docs/sdk/models/operations/listpipelinesforprojectvcs.md
  - docs/sdk/models/operations/listpipelinesforprojectpipeline.md
  - docs/sdk/models/operations/listpipelinesforprojectpipelinelistresponse.md
  - docs/sdk/models/operations/listpipelinesforprojectresponse.md
  - docs/sdk/models/operations/listworkflowsbypipelineidrequest.md
  - docs/sdk/models/operations/listworkflowsbypipelineidresponsebody.md
  - docs/sdk/models/operations/listworkflowsbypipelineidstatus.md
  - docs/sdk/models/operations/listworkflowsbypipelineidtag.md
  - docs/sdk/models/operations/workflow.md
  - docs/sdk/models/operations/listworkflowsbypipelineidworkflowlistresponse.md
  - docs/sdk/models/operations/listworkflowsbypipelineidresponse.md
  - docs/sdk/models/operations/triggerpipelineparameters.md
  - docs/sdk/models/operations/triggerpipelinetriggerpipelineparameters.md
  - docs/sdk/models/operations/triggerpipelinerequest.md
  - docs/sdk/models/operations/triggerpipelineresponsebody.md
  - docs/sdk/models/operations/triggerpipelinestate.md
  - docs/sdk/models/operations/triggerpipelinepipelinecreation.md
  - docs/sdk/models/operations/triggerpipelineresponse.md
  - docs/sdk/models/operations/checkoutkeyinputtype.md
  - docs/sdk/models/operations/createcheckoutkeycheckoutkeyinput.md
  - docs/sdk/models/operations/createcheckoutkeyrequest.md
  - docs/sdk/models/operations/createcheckoutkeyresponsebody.md
  - docs/sdk/models/operations/checkoutkeytype.md
  - docs/sdk/models/operations/createcheckoutkeycheckoutkey.md
  - docs/sdk/models/operations/createcheckoutkeyresponse.md
  - docs/sdk/models/operations/createenvvarenvironmentvariable.md
  - docs/sdk/models/operations/createenvvarrequest.md
  - docs/sdk/models/operations/createenvvarresponsebody.md
  - docs/sdk/models/operations/createenvvarprojectenvironmentvariable.md
  - docs/sdk/models/operations/createenvvarresponse.md
  - docs/sdk/models/operations/createprojectrequest.md
  - docs/sdk/models/operations/createprojectprojectresponse404responsebody.md
  - docs/sdk/models/operations/createprojectresponsebody.md
  - docs/sdk/models/operations/createprojectresponse.md
  - docs/sdk/models/operations/deletecheckoutkeyrequest.md
  - docs/sdk/models/operations/deletecheckoutkeyresponsebody.md
  - docs/sdk/models/operations/deletecheckoutkeymessageresponse.md
  - docs/sdk/models/operations/deletecheckoutkeyresponse.md
  - docs/sdk/models/operations/deleteenvvarrequest.md
  - docs/sdk/models/operations/deleteenvvarresponsebody.md
  - docs/sdk/models/operations/deleteenvvarmessageresponse.md
  - docs/sdk/models/operations/deleteenvvarresponse.md
  - docs/sdk/models/operations/getcheckoutkeyrequest.md
  - docs/sdk/models/operations/getcheckoutkeyresponsebody.md
  - docs/sdk/models/operations/getcheckoutkeycheckoutkeytype.md
  - docs/sdk/models/operations/getcheckoutkeycheckoutkey.md
  - docs/sdk/models/operations/getcheckoutkeyresponse.md
  - docs/sdk/models/operations/getenvvarrequest.md
  - docs/sdk/models/operations/getenvvarresponsebody.md
  - docs/sdk/models/operations/getenvvarenvironmentvariable.md
  - docs/sdk/models/operations/getenvvarresponse.md
  - docs/sdk/models/operations/getprojectbyslugrequest.md
  - docs/sdk/models/operations/getprojectbyslugresponsebody.md
  - docs/sdk/models/operations/provider.md
  - docs/sdk/models/operations/vcsinfo.md
  - docs/sdk/models/operations/getprojectbyslugproject.md
  - docs/sdk/models/operations/getprojectbyslugresponse.md
  - docs/sdk/models/operations/getprojectsettingsrequest.md
  - docs/sdk/models/operations/getprojectsettingsresponsebody.md
  - docs/sdk/models/operations/getprojectsettingsresponse.md
  - docs/sdk/models/operations/digest.md
  - docs/sdk/models/operations/listcheckoutkeysrequest.md
  - docs/sdk/models/operations/listcheckoutkeysresponsebody.md
  - docs/sdk/models/operations/listcheckoutkeyscheckoutkeytype.md
  - docs/sdk/models/operations/checkoutkey.md
  - docs/sdk/models/operations/listcheckoutkeyscheckoutkeylistresponse.md
  - docs/sdk/models/operations/listcheckoutkeysresponse.md
  - docs/sdk/models/operations/listenvvarsrequest.md
  - docs/sdk/models/operations/listenvvarsresponsebody.md
  - docs/sdk/models/operations/environmentvariable.md
  - docs/sdk/models/operations/listenvvarsenvironmentvariablelistresponse.md
  - docs/sdk/models/operations/listenvvarsresponse.md
  - docs/sdk/models/operations/patchprojectsettingsrequest.md
  - docs/sdk/models/operations/patchprojectsettingsprojectresponsebody.md
  - docs/sdk/models/operations/patchprojectsettingsresponsebody.md
  - docs/sdk/models/operations/patchprojectsettingsresponse.md
  - docs/sdk/models/operations/canceljobbyjobnumberrequest.md
  - docs/sdk/models/operations/canceljobbyjobnumberresponsebody.md
  - docs/sdk/models/operations/canceljobbyjobnumbermessageresponse.md
  - docs/sdk/models/operations/canceljobbyjobnumberresponse.md
  - docs/sdk/models/operations/getjobartifactsrequest.md
  - docs/sdk/models/operations/getjobartifactsresponsebody.md
  - docs/sdk/models/operations/artifact.md
  - docs/sdk/models/operations/getjobartifactsartifactlistresponse.md
  - docs/sdk/models/operations/getjobartifactsresponse.md
  - docs/sdk/models/operations/getjobdetailsrequest.md
  - docs/sdk/models/operations/getjobdetailsresponsebody.md
  - docs/sdk/models/operations/contexts.md
  - docs/sdk/models/operations/executor.md
  - docs/sdk/models/operations/latestworkflow.md
  - docs/sdk/models/operations/messages.md
  - docs/sdk/models/operations/organization.md
  - docs/sdk/models/operations/parallelruns.md
  - docs/sdk/models/operations/pipeline.md
  - docs/sdk/models/operations/project.md
  - docs/sdk/models/operations/status.md
  - docs/sdk/models/operations/getjobdetailsjobdetails.md
  - docs/sdk/models/operations/getjobdetailsresponse.md
  - docs/sdk/models/operations/gettestsrequest.md
  - docs/sdk/models/operations/gettestsresponsebody.md
  - docs/sdk/models/operations/gettestsitems.md
  - docs/sdk/models/operations/getteststestsresponse.md
  - docs/sdk/models/operations/gettestsresponse.md
  - docs/sdk/models/operations/attributionactor.md
  - docs/sdk/models/operations/createscheduleparameters.md
  - docs/sdk/models/operations/createscheduledaysofweek.md
  - docs/sdk/models/operations/createschedulemonths.md
  - docs/sdk/models/operations/createschedule2.md
  - docs/sdk/models/operations/daysofweek.md
  - docs/sdk/models/operations/months.md
  - docs/sdk/models/operations/createschedule1.md
  - docs/sdk/models/operations/timetable.md
  - docs/sdk/models/operations/createschedulecreatescheduleparameters.md
  - docs/sdk/models/operations/createschedulerequest.md
  - docs/sdk/models/operations/createscheduleresponsebody.md
  - docs/sdk/models/operations/user.md
  - docs/sdk/models/operations/createschedulescheduleparameters.md
  - docs/sdk/models/operations/createschedulescheduleresponsedaysofweek.md
  - docs/sdk/models/operations/createschedulescheduleresponsemonths.md
  - docs/sdk/models/operations/createscheduleschedule2.md
  - docs/sdk/models/operations/createschedulescheduledaysofweek.md
  - docs/sdk/models/operations/createscheduleschedulemonths.md
  - docs/sdk/models/operations/createscheduleschedule1.md
  - docs/sdk/models/operations/createscheduletimetable.md
  - docs/sdk/models/operations/createscheduleschedule.md
  - docs/sdk/models/operations/createscheduleresponse.md
  - docs/sdk/models/operations/deleteschedulebyidrequest.md
  - docs/sdk/models/operations/deleteschedulebyidresponsebody.md
  - docs/sdk/models/operations/deleteschedulebyidmessageresponse.md
  - docs/sdk/models/operations/deleteschedulebyidresponse.md
  - docs/sdk/models/operations/getschedulebyidrequest.md
  - docs/sdk/models/operations/getschedulebyidresponsebody.md
  - docs/sdk/models/operations/getschedulebyiduser.md
  - docs/sdk/models/operations/getschedulebyidparameters.md
  - docs/sdk/models/operations/getschedulebyidscheduledaysofweek.md
  - docs/sdk/models/operations/getschedulebyidschedulemonths.md
  - docs/sdk/models/operations/getschedulebyid2.md
  - docs/sdk/models/operations/getschedulebyiddaysofweek.md
  - docs/sdk/models/operations/getschedulebyidmonths.md
  - docs/sdk/models/operations/getschedulebyid1.md
  - docs/sdk/models/operations/getschedulebyidtimetable.md
  - docs/sdk/models/operations/getschedulebyidschedule.md
  - docs/sdk/models/operations/getschedulebyidresponse.md
  - docs/sdk/models/operations/listschedulesforprojectrequest.md
  - docs/sdk/models/operations/listschedulesforprojectscheduleresponsebody.md
  - docs/sdk/models/operations/listschedulesforprojectuser.md
  - docs/sdk/models/operations/listschedulesforprojectparameters.md
  - docs/sdk/models/operations/listschedulesforprojectscheduledaysofweek.md
  - docs/sdk/models/operations/listschedulesforprojectschedulemonths.md
  - docs/sdk/models/operations/listschedulesforproject2.md
  - docs/sdk/models/operations/listschedulesforprojectdaysofweek.md
  - docs/sdk/models/operations/listschedulesforprojectmonths.md
  - docs/sdk/models/operations/listschedulesforproject1.md
  - docs/sdk/models/operations/listschedulesforprojecttimetable.md
  - docs/sdk/models/operations/schedule.md
  - docs/sdk/models/operations/listschedulesforprojectresponsebody.md
  - docs/sdk/models/operations/listschedulesforprojectresponse.md
  - docs/sdk/models/operations/updatescheduleattributionactor.md
  - docs/sdk/models/operations/updatescheduleparameters.md
  - docs/sdk/models/operations/updatescheduledaysofweek.md
  - docs/sdk/models/operations/updateschedulemonths.md
  - docs/sdk/models/operations/updatescheduletimetable.md
  - docs/sdk/models/operations/updatescheduleupdatescheduleparameters.md
  - docs/sdk/models/operations/updateschedulerequest.md
  - docs/sdk/models/operations/updatescheduleresponsebody.md
  - docs/sdk/models/operations/updatescheduleuser.md
  - docs/sdk/models/operations/updateschedulescheduleparameters.md
  - docs/sdk/models/operations/updateschedulescheduleresponsedaysofweek.md
  - docs/sdk/models/operations/updateschedulescheduleresponsemonths.md
  - docs/sdk/models/operations/updateschedule2.md
  - docs/sdk/models/operations/updateschedulescheduledaysofweek.md
  - docs/sdk/models/operations/updatescheduleschedulemonths.md
  - docs/sdk/models/operations/updateschedule1.md
  - docs/sdk/models/operations/updateschedulescheduletimetable.md
  - docs/sdk/models/operations/updatescheduleschedule.md
  - docs/sdk/models/operations/updatescheduleresponse.md
  - docs/sdk/models/operations/events.md
  - docs/sdk/models/operations/createwebhooktype.md
  - docs/sdk/models/operations/scope.md
  - docs/sdk/models/operations/createwebhookrequestbody.md
  - docs/sdk/models/operations/createwebhookresponsebody.md
  - docs/sdk/models/operations/createwebhookevents.md
  - docs/sdk/models/operations/createwebhookscope.md
  - docs/sdk/models/operations/createwebhookwebhook.md
  - docs/sdk/models/operations/createwebhookresponse.md
  - docs/sdk/models/operations/deletewebhookrequest.md
  - docs/sdk/models/operations/deletewebhookresponsebody.md
  - docs/sdk/models/operations/deletewebhookmessageresponse.md
  - docs/sdk/models/operations/deletewebhookresponse.md
  - docs/sdk/models/operations/getwebhookbyidrequest.md
  - docs/sdk/models/operations/getwebhookbyidresponsebody.md
  - docs/sdk/models/operations/getwebhookbyidevents.md
  - docs/sdk/models/operations/getwebhookbyidscope.md
  - docs/sdk/models/operations/getwebhookbyidwebhook.md
  - docs/sdk/models/operations/getwebhookbyidresponse.md
  - docs/sdk/models/operations/scopetype.md
  - docs/sdk/models/operations/getwebhooksrequest.md
  - docs/sdk/models/operations/getwebhookswebhookresponsebody.md
  - docs/sdk/models/operations/getwebhooksevents.md
  - docs/sdk/models/operations/getwebhooksscope.md
  - docs/sdk/models/operations/webhook.md
  - docs/sdk/models/operations/getwebhooksresponsebody.md
  - docs/sdk/models/operations/getwebhooksresponse.md
  - docs/sdk/models/operations/updatewebhookevents.md
  - docs/sdk/models/operations/updatewebhookrequestbody.md
  - docs/sdk/models/operations/updatewebhookrequest.md
  - docs/sdk/models/operations/updatewebhookresponsebody.md
  - docs/sdk/models/operations/updatewebhookwebhookevents.md
  - docs/sdk/models/operations/updatewebhookscope.md
  - docs/sdk/models/operations/updatewebhookwebhook.md
  - docs/sdk/models/operations/updatewebhookresponse.md
  - docs/sdk/models/operations/approvependingapprovaljobbyidrequest.md
  - docs/sdk/models/operations/approvependingapprovaljobbyidresponsebody.md
  - docs/sdk/models/operations/approvependingapprovaljobbyidmessageresponse.md
  - docs/sdk/models/operations/approvependingapprovaljobbyidresponse.md
  - docs/sdk/models/operations/cancelworkflowrequest.md
  - docs/sdk/models/operations/cancelworkflowresponsebody.md
  - docs/sdk/models/operations/cancelworkflowmessageresponse.md
  - docs/sdk/models/operations/cancelworkflowresponse.md
  - docs/sdk/models/operations/getworkflowbyidrequest.md
  - docs/sdk/models/operations/getworkflowbyidresponsebody.md
  - docs/sdk/models/operations/getworkflowbyidstatus.md
  - docs/sdk/models/operations/tag.md
  - docs/sdk/models/operations/getworkflowbyidworkflow.md
  - docs/sdk/models/operations/getworkflowbyidresponse.md
  - docs/sdk/models/operations/listworkflowjobsrequest.md
  - docs/sdk/models/operations/listworkflowjobsresponsebody.md
  - docs/sdk/models/operations/listworkflowjobsstatus.md
  - docs/sdk/models/operations/listworkflowjobstype.md
  - docs/sdk/models/operations/job.md
  - docs/sdk/models/operations/listworkflowjobsworkflowjoblistresponse.md
  - docs/sdk/models/operations/listworkflowjobsresponse.md
  - docs/sdk/models/operations/rerunworkflowrerunworkflowparameters.md
  - docs/sdk/models/operations/rerunworkflowrequest.md
  - docs/sdk/models/operations/rerunworkflowworkflowresponsebody.md
  - docs/sdk/models/operations/rerunworkflowresponsebody.md
  - docs/sdk/models/operations/rerunworkflowresponse.md
  - docs/sdk/models/shared/restrictiontype.md
  - docs/sdk/models/shared/restrictioncreated.md
  - docs/sdk/models/shared/restrictiondeleted.md
  - docs/sdk/models/shared/contextprojectrestrictionslistrestrictiontype.md
  - docs/sdk/models/shared/items.md
  - docs/sdk/models/shared/contextprojectrestrictionslist.md
  - docs/sdk/models/shared/claimresponse.md
  - docs/sdk/models/shared/patchclaimsrequest.md
  - docs/sdk/models/shared/usageexportjobstate.md
  - docs/sdk/models/shared/usageexportjob.md
  - docs/sdk/models/shared/state.md
  - docs/sdk/models/shared/getusageexportjobstatus.md
  - docs/sdk/models/shared/bundlediff.md
  - docs/sdk/models/shared/bundlepayload.md
  - docs/sdk/models/shared/vcs.md
  - docs/sdk/models/shared/metadata.md
  - docs/sdk/models/shared/decisionlog.md
  - docs/sdk/models/shared/decision.md
  - docs/sdk/models/shared/violation.md
  - docs/sdk/models/shared/policy.md
  - docs/sdk/models/shared/decisionsettings.md
  - docs/sdk/models/shared/advanced.md
  - docs/sdk/models/shared/projectsettings.md
  - docs/sdk/models/shared/security.md
  - docs/sdk/models/shared/schemebasicauth.md
  - docs/sdks/circleci/README.md
  - docs/lib/utils/retryconfig.md
  - docs/sdks/context/README.md
  - docs/sdks/insights/README.md
  - docs/sdks/user/README.md
  - docs/sdks/oidctokenmanagement/README.md
  - docs/sdks/usage/README.md
  - docs/sdks/policymanagement/README.md
  - docs/sdks/pipeline/README.md
  - docs/sdks/project/README.md
  - docs/sdks/job/README.md
  - docs/sdks/schedule/README.md
  - docs/sdks/webhook/README.md
  - docs/sdks/workflow/README.md
  - USAGE.md
  - .gitattributes
  - src/hooks/hooks.ts
  - src/hooks/types.ts
  - src/hooks/index.ts
  - CONTRIBUTING.md
